
Microsoft Visual Studio Solution File, Format Version 12.00
# Visual Studio Version 17
VisualStudioVersion = 17.11.35327.3
MinimumVisualStudioVersion = 10.0.40219.1
Project("{FAE04EC0-301F-11D3-BF4B-00C04F79EFBC}") = "Api", "Api\Api.csproj", "{7CCBACD4-36EC-439D-BCFC-AA07FD85A15E}"
EndProject
Project("{FAE04EC0-301F-11D3-BF4B-00C04F79EFBC}") = "Repositories", "Repositories\Repositories.csproj", "{4EF5F24B-4115-4BEC-943C-58D272D0AE7D}"
EndProject
Project("{FAE04EC0-301F-11D3-BF4B-00C04F79EFBC}") = "Services", "Services\Services.csproj", "{7ADD33E0-F65B-4A53-94A9-ADA250FC01C6}"
EndProject
Global
	GlobalSection(SolutionConfigurationPlatforms) = preSolution
		Debug|Any CPU = Debug|Any CPU
		Release|Any CPU = Release|Any CPU
	EndGlobalSection
	GlobalSection(ProjectConfigurationPlatforms) = postSolution
		{7CCBACD4-36EC-439D-BCFC-AA07FD85A15E}.Debug|Any CPU.ActiveCfg = Debug|Any CPU
		{7CCBACD4-36EC-439D-BCFC-AA07FD85A15E}.Debug|Any CPU.Build.0 = Debug|Any CPU
		{7CCBACD4-36EC-439D-BCFC-AA07FD85A15E}.Release|Any CPU.ActiveCfg = Release|Any CPU
		{7CCBACD4-36EC-439D-BCFC-AA07FD85A15E}.Release|Any CPU.Build.0 = Release|Any CPU
		{4EF5F24B-4115-4BEC-943C-58D272D0AE7D}.Debug|Any CPU.ActiveCfg = Debug|Any CPU
		{4EF5F24B-4115-4BEC-943C-58D272D0AE7D}.Debug|Any CPU.Build.0 = Debug|Any CPU
		{4EF5F24B-4115-4BEC-943C-58D272D0AE7D}.Release|Any CPU.ActiveCfg = Release|Any CPU
		{4EF5F24B-4115-4BEC-943C-58D272D0AE7D}.Release|Any CPU.Build.0 = Release|Any CPU
		{7ADD33E0-F65B-4A53-94A9-ADA250FC01C6}.Debug|Any CPU.ActiveCfg = Debug|Any CPU
		{7ADD33E0-F65B-4A53-94A9-ADA250FC01C6}.Debug|Any CPU.Build.0 = Debug|Any CPU
		{7ADD33E0-F65B-4A53-94A9-ADA250FC01C6}.Release|Any CPU.ActiveCfg = Release|Any CPU
		{7ADD33E0-F65B-4A53-94A9-ADA250FC01C6}.Release|Any CPU.Build.0 = Release|Any CPU
	EndGlobalSection
	GlobalSection(SolutionProperties) = preSolution
		HideSolutionNode = FALSE
	EndGlobalSection
	GlobalSection(ExtensibilityGlobals) = postSolution
		SolutionGuid = {D27F2173-AAF1-4F10-BDAA-EC55C3FD7359}
	EndGlobalSection
EndGlobal
